<Solution>
  <Project Path="FSharp.DEXPI2/FSharp.DEXPI2.fsproj" />
  <Project Path="Dexpi2.Cpp/Dexpi2.Cpp.vcxproj" Id="5f8d2e4a-9b71-4c0e-8f3a-2d4c6e8a1b90" />
  <Project Path="DEXPI2/DEXPI2.fsproj" Id="81668ded-aba7-4271-8a29-7383ef518483" />
  <Project Path="Dexpi2CppGen/Dexpi2CppGen.csproj" />
  <Project Path="FSharp.DEXPI2.Test/FSharp.DEXPI2.Test.fsproj" />
  <Project Path="Dexpi2.CSharp.Generator/Dexpi2.CSharp.Generator.fsproj">
    <Build Solution="Debug|*" Project="false" />
  </Project>
  <Project Path="Dexpi2.CSharp/Dexpi2.CSharp.csproj" />
</Solution>
